{
  "requires": true,
  "lockfileVersion": 1,
  "dependencies": {
    "ctransformers": {
      "version": "0.0.0",
      "resolved": "https://registry.npmjs.org/ctransformers/-/ctransformers-0.0.0.tgz",
      "integrity": "sha512-GzIH1C/gAeE/XsABX30t8zrm1NWum4qpFTyYcyDdZAcz9TF1p0kKKDc1Jp8Cz4saFxJNCSUwY/E86ZiVHUBlHA=="
    }
  }
}
